
Microsoft Visual Studio Solution File, Format Version 12.00
# Visual Studio Version 17
VisualStudioVersion = 17.8.34525.116
MinimumVisualStudioVersion = 10.0.40219.1
Project("{FAE04EC0-301F-11D3-BF4B-00C04F79EFBC}") = "Botiga_Cistella_Taules", "Botiga_Cistella_Taules\Botiga_Cistella_Taules.csproj", "{A730F522-F502-4AC8-B297-D8AB8D752866}"
EndProject
Global
	GlobalSection(SolutionConfigurationPlatforms) = preSolution
		Debug|Any CPU = Debug|Any CPU
		Release|Any CPU = Release|Any CPU
	EndGlobalSection
	GlobalSection(ProjectConfigurationPlatforms) = postSolution
		{A730F522-F502-4AC8-B297-D8AB8D752866}.Debug|Any CPU.ActiveCfg = Debug|Any CPU
		{A730F522-F502-4AC8-B297-D8AB8D752866}.Debug|Any CPU.Build.0 = Debug|Any CPU
		{A730F522-F502-4AC8-B297-D8AB8D752866}.Release|Any CPU.ActiveCfg = Release|Any CPU
		{A730F522-F502-4AC8-B297-D8AB8D752866}.Release|Any CPU.Build.0 = Release|Any CPU
	EndGlobalSection
	GlobalSection(SolutionProperties) = preSolution
		HideSolutionNode = FALSE
	EndGlobalSection
	GlobalSection(ExtensibilityGlobals) = postSolution
		SolutionGuid = {BCA63985-4DCB-4795-A1E2-FAF02EF59D10}
	EndGlobalSection
EndGlobal
